<Solution>
  <Project Path="eUseControl.Api/eUseControl.Api.csproj" />
  <Project Path="eUseControl.BusinessLayer/eUseControl.BusinessLayer.csproj" />
  <Project Path="eUseControl.DataAccess/eUseControl.DataAccess.csproj" />
  <Project Path="eUseControl.Domain/eUseControl.Domain.csproj" />
</Solution>
