<Solution>
  <Folder Name="/backend/">
    <Project Path="backend/eUseControl.BusinessLayer/eUseControl.BusinessLayer.csproj" />
    <Project Path="backend/eUseControl.DataAccess/eUseControl.DataAccess.csproj" />
    <Project Path="backend/eUseControl.Domain/eUseControl.Domain.csproj" />
  </Folder>
  <Project Path="backend/eUseControl.Api/eUseControl.Api.csproj" />
</Solution>
